{
  "version": 4,
  "terraform_version": "1.6.4",
  "serial": 46,
  "lineage": "30555d96-928e-a239-965d-80dc991db778",
  "outputs": {
    "internet_gateway": {
      "value": {
        "arn": "arn:aws:ec2:us-east-1:908810579717:internet-gateway/igw-0d7c98421023edaf4",
        "id": "igw-0d7c98421023edaf4",
        "owner_id": "908810579717",
        "tags": {
          "Name": "Int-gateway"
        },
        "tags_all": {
          "Name": "Int-gateway"
        },
        "timeouts": null,
        "vpc_id": "vpc-006c986a51cf0e7c9"
      },
      "type": [
        "object",
        {
          "arn": "string",
          "id": "string",
          "owner_id": "string",
          "tags": [
            "map",
            "string"
          ],
          "tags_all": [
            "map",
            "string"
          ],
          "timeouts": [
            "object",
            {
              "create": "string",
              "delete": "string",
              "update": "string"
            }
          ],
          "vpc_id": "string"
        }
      ]
    },
    "private_subnet1_az1": {
      "value": {
        "arn": "arn:aws:ec2:us-east-1:908810579717:subnet/subnet-0a733e74b056137d3",
        "assign_ipv6_address_on_creation": false,
        "availability_zone": "us-east-1a",
        "availability_zone_id": "use1-az4",
        "cidr_block": "10.0.3.0/24",
        "customer_owned_ipv4_pool": "",
        "enable_dns64": false,
        "enable_lni_at_device_index": 0,
        "enable_resource_name_dns_a_record_on_launch": false,
        "enable_resource_name_dns_aaaa_record_on_launch": false,
        "id": "subnet-0a733e74b056137d3",
        "ipv6_cidr_block": "",
        "ipv6_cidr_block_association_id": "",
        "ipv6_native": false,
        "map_customer_owned_ip_on_launch": false,
        "map_public_ip_on_launch": false,
        "outpost_arn": "",
        "owner_id": "908810579717",
        "private_dns_hostname_type_on_launch": "ip-name",
        "tags": {
          "Name": "private-sub1"
        },
        "tags_all": {
          "Name": "private-sub1"
        },
        "timeouts": null,
        "vpc_id": "vpc-006c986a51cf0e7c9"
      },
      "type": [
        "object",
        {
          "arn": "string",
          "assign_ipv6_address_on_creation": "bool",
          "availability_zone": "string",
          "availability_zone_id": "string",
          "cidr_block": "string",
          "customer_owned_ipv4_pool": "string",
          "enable_dns64": "bool",
          "enable_lni_at_device_index": "number",
          "enable_resource_name_dns_a_record_on_launch": "bool",
          "enable_resource_name_dns_aaaa_record_on_launch": "bool",
          "id": "string",
          "ipv6_cidr_block": "string",
          "ipv6_cidr_block_association_id": "string",
          "ipv6_native": "bool",
          "map_customer_owned_ip_on_launch": "bool",
          "map_public_ip_on_launch": "bool",
          "outpost_arn": "string",
          "owner_id": "string",
          "private_dns_hostname_type_on_launch": "string",
          "tags": [
            "map",
            "string"
          ],
          "tags_all": [
            "map",
            "string"
          ],
          "timeouts": [
            "object",
            {
              "create": "string",
              "delete": "string"
            }
          ],
          "vpc_id": "string"
        }
      ]
    },
    "private_subnet1_az2": {
      "value": {
        "arn": "arn:aws:ec2:us-east-1:908810579717:subnet/subnet-0e36d22abf6bcecb7",
        "assign_ipv6_address_on_creation": false,
        "availability_zone": "us-east-1d",
        "availability_zone_id": "use1-az2",
        "cidr_block": "10.0.4.0/24",
        "customer_owned_ipv4_pool": "",
        "enable_dns64": false,
        "enable_lni_at_device_index": 0,
        "enable_resource_name_dns_a_record_on_launch": false,
        "enable_resource_name_dns_aaaa_record_on_launch": false,
        "id": "subnet-0e36d22abf6bcecb7",
        "ipv6_cidr_block": "",
        "ipv6_cidr_block_association_id": "",
        "ipv6_native": false,
        "map_customer_owned_ip_on_launch": false,
        "map_public_ip_on_launch": false,
        "outpost_arn": "",
        "owner_id": "908810579717",
        "private_dns_hostname_type_on_launch": "ip-name",
        "tags": {
          "Name": "private-sub2"
        },
        "tags_all": {
          "Name": "private-sub2"
        },
        "timeouts": null,
        "vpc_id": "vpc-006c986a51cf0e7c9"
      },
      "type": [
        "object",
        {
          "arn": "string",
          "assign_ipv6_address_on_creation": "bool",
          "availability_zone": "string",
          "availability_zone_id": "string",
          "cidr_block": "string",
          "customer_owned_ipv4_pool": "string",
          "enable_dns64": "bool",
          "enable_lni_at_device_index": "number",
          "enable_resource_name_dns_a_record_on_launch": "bool",
          "enable_resource_name_dns_aaaa_record_on_launch": "bool",
          "id": "string",
          "ipv6_cidr_block": "string",
          "ipv6_cidr_block_association_id": "string",
          "ipv6_native": "bool",
          "map_customer_owned_ip_on_launch": "bool",
          "map_public_ip_on_launch": "bool",
          "outpost_arn": "string",
          "owner_id": "string",
          "private_dns_hostname_type_on_launch": "string",
          "tags": [
            "map",
            "string"
          ],
          "tags_all": [
            "map",
            "string"
          ],
          "timeouts": [
            "object",
            {
              "create": "string",
              "delete": "string"
            }
          ],
          "vpc_id": "string"
        }
      ]
    },
    "public_subnet1_az1": {
      "value": "subnet-09fe5b9cd1b5f28c7",
      "type": "string"
    },
    "public_subnet1_az2": {
      "value": {
        "arn": "arn:aws:ec2:us-east-1:908810579717:subnet/subnet-0fb38849f02720a7e",
        "assign_ipv6_address_on_creation": false,
        "availability_zone": "us-east-1a",
        "availability_zone_id": "use1-az4",
        "cidr_block": "10.0.2.0/24",
        "customer_owned_ipv4_pool": "",
        "enable_dns64": false,
        "enable_lni_at_device_index": 0,
        "enable_resource_name_dns_a_record_on_launch": false,
        "enable_resource_name_dns_aaaa_record_on_launch": false,
        "id": "subnet-0fb38849f02720a7e",
        "ipv6_cidr_block": "",
        "ipv6_cidr_block_association_id": "",
        "ipv6_native": false,
        "map_customer_owned_ip_on_launch": false,
        "map_public_ip_on_launch": false,
        "outpost_arn": "",
        "owner_id": "908810579717",
        "private_dns_hostname_type_on_launch": "ip-name",
        "tags": {
          "Name": "pub-sub2"
        },
        "tags_all": {
          "Name": "pub-sub2"
        },
        "timeouts": null,
        "vpc_id": "vpc-006c986a51cf0e7c9"
      },
      "type": [
        "object",
        {
          "arn": "string",
          "assign_ipv6_address_on_creation": "bool",
          "availability_zone": "string",
          "availability_zone_id": "string",
          "cidr_block": "string",
          "customer_owned_ipv4_pool": "string",
          "enable_dns64": "bool",
          "enable_lni_at_device_index": "number",
          "enable_resource_name_dns_a_record_on_launch": "bool",
          "enable_resource_name_dns_aaaa_record_on_launch": "bool",
          "id": "string",
          "ipv6_cidr_block": "string",
          "ipv6_cidr_block_association_id": "string",
          "ipv6_native": "bool",
          "map_customer_owned_ip_on_launch": "bool",
          "map_public_ip_on_launch": "bool",
          "outpost_arn": "string",
          "owner_id": "string",
          "private_dns_hostname_type_on_launch": "string",
          "tags": [
            "map",
            "string"
          ],
          "tags_all": [
            "map",
            "string"
          ],
          "timeouts": [
            "object",
            {
              "create": "string",
              "delete": "string"
            }
          ],
          "vpc_id": "string"
        }
      ]
    },
    "subnet_ids": {
      "value": [
        "subnet-09fe5b9cd1b5f28c7",
        "subnet-0fb38849f02720a7e"
      ],
      "type": [
        "tuple",
        [
          "string",
          "string"
        ]
      ]
    },
    "vpc_id": {
      "value": {
        "arn": "arn:aws:ec2:us-east-1:908810579717:vpc/vpc-006c986a51cf0e7c9",
        "assign_generated_ipv6_cidr_block": false,
        "cidr_block": "10.0.0.0/16",
        "default_network_acl_id": "acl-056b4365569f0cde4",
        "default_route_table_id": "rtb-051db65d4feacdde9",
        "default_security_group_id": "sg-00b30d2b565c3aaab",
        "dhcp_options_id": "dopt-070e751f023b66e2b",
        "enable_dns_hostnames": false,
        "enable_dns_support": true,
        "enable_network_address_usage_metrics": false,
        "id": "vpc-006c986a51cf0e7c9",
        "instance_tenancy": "default",
        "ipv4_ipam_pool_id": null,
        "ipv4_netmask_length": null,
        "ipv6_association_id": "",
        "ipv6_cidr_block": "",
        "ipv6_cidr_block_network_border_group": "",
        "ipv6_ipam_pool_id": "",
        "ipv6_netmask_length": 0,
        "main_route_table_id": "rtb-051db65d4feacdde9",
        "owner_id": "908810579717",
        "tags": {
          "Name": "Ritushree-vpc"
        },
        "tags_all": {
          "Name": "Ritushree-vpc"
        }
      },
      "type": [
        "object",
        {
          "arn": "string",
          "assign_generated_ipv6_cidr_block": "bool",
          "cidr_block": "string",
          "default_network_acl_id": "string",
          "default_route_table_id": "string",
          "default_security_group_id": "string",
          "dhcp_options_id": "string",
          "enable_dns_hostnames": "bool",
          "enable_dns_support": "bool",
          "enable_network_address_usage_metrics": "bool",
          "id": "string",
          "instance_tenancy": "string",
          "ipv4_ipam_pool_id": "string",
          "ipv4_netmask_length": "number",
          "ipv6_association_id": "string",
          "ipv6_cidr_block": "string",
          "ipv6_cidr_block_network_border_group": "string",
          "ipv6_ipam_pool_id": "string",
          "ipv6_netmask_length": "number",
          "main_route_table_id": "string",
          "owner_id": "string",
          "tags": [
            "map",
            "string"
          ],
          "tags_all": [
            "map",
            "string"
          ]
        }
      ]
    },
    "website_arn": {
      "value": {
        "ami": "ami-0230bd60aa48260c6",
        "arn": "arn:aws:ec2:us-east-1:908810579717:instance/i-03eb6f77982adbf84",
        "associate_public_ip_address": false,
        "availability_zone": "us-east-1a",
        "capacity_reservation_specification": [
          {
            "capacity_reservation_preference": "open",
            "capacity_reservation_target": []
          }
        ],
        "cpu_core_count": 1,
        "cpu_options": [
          {
            "amd_sev_snp": "",
            "core_count": 1,
            "threads_per_core": 1
          }
        ],
        "cpu_threads_per_core": 1,
        "credit_specification": [
          {
            "cpu_credits": "standard"
          }
        ],
        "disable_api_stop": false,
        "disable_api_termination": false,
        "ebs_block_device": [],
        "ebs_optimized": false,
        "enclave_options": [
          {
            "enabled": false
          }
        ],
        "ephemeral_block_device": [],
        "get_password_data": false,
        "hibernation": false,
        "host_id": "",
        "host_resource_group_arn": null,
        "iam_instance_profile": "",
        "id": "i-03eb6f77982adbf84",
        "instance_initiated_shutdown_behavior": "stop",
        "instance_lifecycle": "",
        "instance_market_options": [],
        "instance_state": "running",
        "instance_type": "t2.micro",
        "ipv6_address_count": 0,
        "ipv6_addresses": [],
        "key_name": "my-key-pair-rits",
        "launch_template": [],
        "maintenance_options": [
          {
            "auto_recovery": "default"
          }
        ],
        "metadata_options": [
          {
            "http_endpoint": "enabled",
            "http_protocol_ipv6": "disabled",
            "http_put_response_hop_limit": 2,
            "http_tokens": "required",
            "instance_metadata_tags": "disabled"
          }
        ],
        "monitoring": false,
        "network_interface": [],
        "outpost_arn": "",
        "password_data": "",
        "placement_group": "",
        "placement_partition_number": 0,
        "primary_network_interface_id": "eni-0a08d9fe1e74fdc27",
        "private_dns": "ip-10-0-1-80.ec2.internal",
        "private_dns_name_options": [
          {
            "enable_resource_name_dns_a_record": false,
            "enable_resource_name_dns_aaaa_record": false,
            "hostname_type": "ip-name"
          }
        ],
        "private_ip": "10.0.1.80",
        "public_dns": "",
        "public_ip": "",
        "root_block_device": [
          {
            "delete_on_termination": true,
            "device_name": "/dev/xvda",
            "encrypted": false,
            "iops": 3000,
            "kms_key_id": "",
            "tags": {},
            "throughput": 125,
            "volume_id": "vol-09a7f2ebde3085a3d",
            "volume_size": 8,
            "volume_type": "gp3"
          }
        ],
        "secondary_private_ips": [],
        "security_groups": [],
        "source_dest_check": true,
        "spot_instance_request_id": "",
        "subnet_id": "subnet-09fe5b9cd1b5f28c7",
        "tags": {
          "Name": "Ritushree-ec2"
        },
        "tags_all": {
          "Name": "Ritushree-ec2"
        },
        "tenancy": "default",
        "timeouts": null,
        "user_data": null,
        "user_data_base64": null,
        "user_data_replace_on_change": false,
        "volume_tags": null,
        "vpc_security_group_ids": [
          "sg-00b30d2b565c3aaab"
        ]
      },
      "type": [
        "object",
        {
          "ami": "string",
          "arn": "string",
          "associate_public_ip_address": "bool",
          "availability_zone": "string",
          "capacity_reservation_specification": [
            "list",
            [
              "object",
              {
                "capacity_reservation_preference": "string",
                "capacity_reservation_target": [
                  "list",
                  [
                    "object",
                    {
                      "capacity_reservation_id": "string",
                      "capacity_reservation_resource_group_arn": "string"
                    }
                  ]
                ]
              }
            ]
          ],
          "cpu_core_count": "number",
          "cpu_options": [
            "list",
            [
              "object",
              {
                "amd_sev_snp": "string",
                "core_count": "number",
                "threads_per_core": "number"
              }
            ]
          ],
          "cpu_threads_per_core": "number",
          "credit_specification": [
            "list",
            [
              "object",
              {
                "cpu_credits": "string"
              }
            ]
          ],
          "disable_api_stop": "bool",
          "disable_api_termination": "bool",
          "ebs_block_device": [
            "set",
            [
              "object",
              {
                "delete_on_termination": "bool",
                "device_name": "string",
                "encrypted": "bool",
                "iops": "number",
                "kms_key_id": "string",
                "snapshot_id": "string",
                "tags": [
                  "map",
                  "string"
                ],
                "throughput": "number",
                "volume_id": "string",
                "volume_size": "number",
                "volume_type": "string"
              }
            ]
          ],
          "ebs_optimized": "bool",
          "enclave_options": [
            "list",
            [
              "object",
              {
                "enabled": "bool"
              }
            ]
          ],
          "ephemeral_block_device": [
            "set",
            [
              "object",
              {
                "device_name": "string",
                "no_device": "bool",
                "virtual_name": "string"
              }
            ]
          ],
          "get_password_data": "bool",
          "hibernation": "bool",
          "host_id": "string",
          "host_resource_group_arn": "string",
          "iam_instance_profile": "string",
          "id": "string",
          "instance_initiated_shutdown_behavior": "string",
          "instance_lifecycle": "string",
          "instance_market_options": [
            "list",
            [
              "object",
              {
                "market_type": "string",
                "spot_options": [
                  "list",
                  [
                    "object",
                    {
                      "instance_interruption_behavior": "string",
                      "max_price": "string",
                      "spot_instance_type": "string",
                      "valid_until": "string"
                    }
                  ]
                ]
              }
            ]
          ],
          "instance_state": "string",
          "instance_type": "string",
          "ipv6_address_count": "number",
          "ipv6_addresses": [
            "list",
            "string"
          ],
          "key_name": "string",
          "launch_template": [
            "list",
            [
              "object",
              {
                "id": "string",
                "name": "string",
                "version": "string"
              }
            ]
          ],
          "maintenance_options": [
            "list",
            [
              "object",
              {
                "auto_recovery": "string"
              }
            ]
          ],
          "metadata_options": [
            "list",
            [
              "object",
              {
                "http_endpoint": "string",
                "http_protocol_ipv6": "string",
                "http_put_response_hop_limit": "number",
                "http_tokens": "string",
                "instance_metadata_tags": "string"
              }
            ]
          ],
          "monitoring": "bool",
          "network_interface": [
            "set",
            [
              "object",
              {
                "delete_on_termination": "bool",
                "device_index": "number",
                "network_card_index": "number",
                "network_interface_id": "string"
              }
            ]
          ],
          "outpost_arn": "string",
          "password_data": "string",
          "placement_group": "string",
          "placement_partition_number": "number",
          "primary_network_interface_id": "string",
          "private_dns": "string",
          "private_dns_name_options": [
            "list",
            [
              "object",
              {
                "enable_resource_name_dns_a_record": "bool",
                "enable_resource_name_dns_aaaa_record": "bool",
                "hostname_type": "string"
              }
            ]
          ],
          "private_ip": "string",
          "public_dns": "string",
          "public_ip": "string",
          "root_block_device": [
            "list",
            [
              "object",
              {
                "delete_on_termination": "bool",
                "device_name": "string",
                "encrypted": "bool",
                "iops": "number",
                "kms_key_id": "string",
                "tags": [
                  "map",
                  "string"
                ],
                "throughput": "number",
                "volume_id": "string",
                "volume_size": "number",
                "volume_type": "string"
              }
            ]
          ],
          "secondary_private_ips": [
            "set",
            "string"
          ],
          "security_groups": [
            "set",
            "string"
          ],
          "source_dest_check": "bool",
          "spot_instance_request_id": "string",
          "subnet_id": "string",
          "tags": [
            "map",
            "string"
          ],
          "tags_all": [
            "map",
            "string"
          ],
          "tenancy": "string",
          "timeouts": [
            "object",
            {
              "create": "string",
              "delete": "string",
              "update": "string"
            }
          ],
          "user_data": "string",
          "user_data_base64": "string",
          "user_data_replace_on_change": "bool",
          "volume_tags": [
            "map",
            "string"
          ],
          "vpc_security_group_ids": [
            "set",
            "string"
          ]
        }
      ]
    }
  },
  "resources": [
    {
      "mode": "managed",
      "type": "aws_db_instance",
      "name": "default",
      "provider": "provider[\"registry.terraform.io/hashicorp/aws\"]",
      "instances": [
        {
          "schema_version": 2,
          "attributes": {
            "address": "terraform-20231128130438706500000001.ciuz9jl4ao6g.us-east-1.rds.amazonaws.com",
            "allocated_storage": 10,
            "allow_major_version_upgrade": null,
            "apply_immediately": false,
            "arn": "arn:aws:rds:us-east-1:908810579717:db:terraform-20231128130438706500000001",
            "auto_minor_version_upgrade": true,
            "availability_zone": "us-east-1a",
            "backup_retention_period": 0,
            "backup_target": "region",
            "backup_window": "03:05-03:35",
            "blue_green_update": [],
            "ca_cert_identifier": "rds-ca-2019",
            "character_set_name": "",
            "copy_tags_to_snapshot": false,
            "custom_iam_instance_profile": "",
            "customer_owned_ip_enabled": false,
            "db_name": "mydb",
            "db_subnet_group_name": "rds-subnet-grp",
            "delete_automated_backups": true,
            "deletion_protection": false,
            "domain": "",
            "domain_iam_role_name": "",
            "enabled_cloudwatch_logs_exports": [],
            "endpoint": "terraform-20231128130438706500000001.ciuz9jl4ao6g.us-east-1.rds.amazonaws.com:3306",
            "engine": "mysql",
            "engine_version": "5.7",
            "engine_version_actual": "5.7.42",
            "final_snapshot_identifier": null,
            "hosted_zone_id": "Z2R2ITUGPM61AM",
            "iam_database_authentication_enabled": false,
            "id": "db-QCAHQYKKV3TGVWXWHVVDP5L3WA",
            "identifier": "terraform-20231128130438706500000001",
            "identifier_prefix": "terraform-",
            "instance_class": "db.t2.micro",
            "iops": 0,
            "kms_key_id": "",
            "latest_restorable_time": "",
            "license_model": "general-public-license",
            "listener_endpoint": [],
            "maintenance_window": "thu:08:05-thu:08:35",
            "manage_master_user_password": null,
            "master_user_secret": [],
            "master_user_secret_kms_key_id": null,
            "max_allocated_storage": 0,
            "monitoring_interval": 0,
            "monitoring_role_arn": "",
            "multi_az": false,
            "nchar_character_set_name": "",
            "network_type": "IPV4",
            "option_group_name": "default:mysql-5-7",
            "parameter_group_name": "default.mysql5.7",
            "password": "ritu1234",
            "performance_insights_enabled": false,
            "performance_insights_kms_key_id": "",
            "performance_insights_retention_period": 0,
            "port": 3306,
            "publicly_accessible": false,
            "replica_mode": "",
            "replicas": [],
            "replicate_source_db": "",
            "resource_id": "db-QCAHQYKKV3TGVWXWHVVDP5L3WA",
            "restore_to_point_in_time": [],
            "s3_import": [],
            "skip_final_snapshot": true,
            "snapshot_identifier": null,
            "status": "available",
            "storage_encrypted": false,
            "storage_throughput": 0,
            "storage_type": "gp2",
            "tags": {
              "Name": "Rits-DB"
            },
            "tags_all": {
              "Name": "Rits-DB"
            },
            "timeouts": null,
            "timezone": "",
            "username": "admin",
            "vpc_security_group_ids": [
              "sg-00b30d2b565c3aaab"
            ]
          },
          "sensitive_attributes": [],
          "private": "eyJlMmJmYjczMC1lY2FhLTExZTYtOGY4OC0zNDM2M2JjN2M0YzAiOnsiY3JlYXRlIjoyNDAwMDAwMDAwMDAwLCJkZWxldGUiOjM2MDAwMDAwMDAwMDAsInVwZGF0ZSI6NDgwMDAwMDAwMDAwMH0sInNjaGVtYV92ZXJzaW9uIjoiMiJ9",
          "dependencies": [
            "aws_db_subnet_group.dbsubnet",
            "aws_subnet.pr-sub1",
            "aws_subnet.pr-sub2",
            "aws_vpc.myvpc"
          ]
        }
      ]
    },
    {
      "mode": "managed",
      "type": "aws_db_subnet_group",
      "name": "dbsubnet",
      "provider": "provider[\"registry.terraform.io/hashicorp/aws\"]",
      "instances": [
        {
          "schema_version": 0,
          "attributes": {
            "arn": "arn:aws:rds:us-east-1:908810579717:subgrp:rds-subnet-grp",
            "description": "Managed by Terraform",
            "id": "rds-subnet-grp",
            "name": "rds-subnet-grp",
            "name_prefix": "",
            "subnet_ids": [
              "subnet-0a733e74b056137d3",
              "subnet-0e36d22abf6bcecb7"
            ],
            "supported_network_types": [
              "IPV4"
            ],
            "tags": {},
            "tags_all": {},
            "vpc_id": "vpc-006c986a51cf0e7c9"
          },
          "sensitive_attributes": [],
          "private": "bnVsbA==",
          "dependencies": [
            "aws_subnet.pr-sub1",
            "aws_subnet.pr-sub2",
            "aws_vpc.myvpc"
          ]
        }
      ]
    },
    {
      "mode": "managed",
      "type": "aws_eip",
      "name": "eip",
      "provider": "provider[\"registry.terraform.io/hashicorp/aws\"]",
      "instances": [
        {
          "schema_version": 0,
          "attributes": {
            "address": null,
            "allocation_id": "eipalloc-07dbd3eb1793b8de0",
            "associate_with_private_ip": null,
            "association_id": "eipassoc-011b9628867a543cd",
            "carrier_ip": "",
            "customer_owned_ip": "",
            "customer_owned_ipv4_pool": "",
            "domain": "vpc",
            "id": "eipalloc-07dbd3eb1793b8de0",
            "instance": "",
            "network_border_group": "us-east-1",
            "network_interface": "eni-09e183534f923298c",
            "private_dns": "ip-10-0-1-26.ec2.internal",
            "private_ip": "10.0.1.26",
            "public_dns": "ec2-34-205-115-76.compute-1.amazonaws.com",
            "public_ip": "34.205.115.76",
            "public_ipv4_pool": "amazon",
            "tags": {
              "name": "Elastic_ip"
            },
            "tags_all": {
              "name": "Elastic_ip"
            },
            "timeouts": null,
            "vpc": true
          },
          "sensitive_attributes": [],
          "private": "eyJlMmJmYjczMC1lY2FhLTExZTYtOGY4OC0zNDM2M2JjN2M0YzAiOnsiZGVsZXRlIjoxODAwMDAwMDAwMDAsInJlYWQiOjkwMDAwMDAwMDAwMCwidXBkYXRlIjozMDAwMDAwMDAwMDB9fQ=="
        }
      ]
    },
    {
      "mode": "managed",
      "type": "aws_instance",
      "name": "website",
      "provider": "provider[\"registry.terraform.io/hashicorp/aws\"]",
      "instances": [
        {
          "schema_version": 1,
          "attributes": {
            "ami": "ami-0230bd60aa48260c6",
            "arn": "arn:aws:ec2:us-east-1:908810579717:instance/i-03eb6f77982adbf84",
            "associate_public_ip_address": false,
            "availability_zone": "us-east-1a",
            "capacity_reservation_specification": [
              {
                "capacity_reservation_preference": "open",
                "capacity_reservation_target": []
              }
            ],
            "cpu_core_count": 1,
            "cpu_options": [
              {
                "amd_sev_snp": "",
                "core_count": 1,
                "threads_per_core": 1
              }
            ],
            "cpu_threads_per_core": 1,
            "credit_specification": [
              {
                "cpu_credits": "standard"
              }
            ],
            "disable_api_stop": false,
            "disable_api_termination": false,
            "ebs_block_device": [],
            "ebs_optimized": false,
            "enclave_options": [
              {
                "enabled": false
              }
            ],
            "ephemeral_block_device": [],
            "get_password_data": false,
            "hibernation": false,
            "host_id": "",
            "host_resource_group_arn": null,
            "iam_instance_profile": "",
            "id": "i-03eb6f77982adbf84",
            "instance_initiated_shutdown_behavior": "stop",
            "instance_lifecycle": "",
            "instance_market_options": [],
            "instance_state": "running",
            "instance_type": "t2.micro",
            "ipv6_address_count": 0,
            "ipv6_addresses": [],
            "key_name": "my-key-pair-rits",
            "launch_template": [],
            "maintenance_options": [
              {
                "auto_recovery": "default"
              }
            ],
            "metadata_options": [
              {
                "http_endpoint": "enabled",
                "http_protocol_ipv6": "disabled",
                "http_put_response_hop_limit": 2,
                "http_tokens": "required",
                "instance_metadata_tags": "disabled"
              }
            ],
            "monitoring": false,
            "network_interface": [],
            "outpost_arn": "",
            "password_data": "",
            "placement_group": "",
            "placement_partition_number": 0,
            "primary_network_interface_id": "eni-0a08d9fe1e74fdc27",
            "private_dns": "ip-10-0-1-80.ec2.internal",
            "private_dns_name_options": [
              {
                "enable_resource_name_dns_a_record": false,
                "enable_resource_name_dns_aaaa_record": false,
                "hostname_type": "ip-name"
              }
            ],
            "private_ip": "10.0.1.80",
            "public_dns": "",
            "public_ip": "",
            "root_block_device": [
              {
                "delete_on_termination": true,
                "device_name": "/dev/xvda",
                "encrypted": false,
                "iops": 3000,
                "kms_key_id": "",
                "tags": {},
                "throughput": 125,
                "volume_id": "vol-09a7f2ebde3085a3d",
                "volume_size": 8,
                "volume_type": "gp3"
              }
            ],
            "secondary_private_ips": [],
            "security_groups": [],
            "source_dest_check": true,
            "spot_instance_request_id": "",
            "subnet_id": "subnet-09fe5b9cd1b5f28c7",
            "tags": {
              "Name": "Ritushree-ec2"
            },
            "tags_all": {
              "Name": "Ritushree-ec2"
            },
            "tenancy": "default",
            "timeouts": null,
            "user_data": null,
            "user_data_base64": null,
            "user_data_replace_on_change": false,
            "volume_tags": null,
            "vpc_security_group_ids": [
              "sg-00b30d2b565c3aaab"
            ]
          },
          "sensitive_attributes": [],
          "private": "eyJlMmJmYjczMC1lY2FhLTExZTYtOGY4OC0zNDM2M2JjN2M0YzAiOnsiY3JlYXRlIjo2MDAwMDAwMDAwMDAsImRlbGV0ZSI6MTIwMDAwMDAwMDAwMCwidXBkYXRlIjo2MDAwMDAwMDAwMDB9LCJzY2hlbWFfdmVyc2lvbiI6IjEifQ==",
          "dependencies": [
            "aws_subnet.pub-sub1",
            "aws_vpc.myvpc"
          ]
        }
      ]
    },
    {
      "mode": "managed",
      "type": "aws_internet_gateway",
      "name": "int-gateway",
      "provider": "provider[\"registry.terraform.io/hashicorp/aws\"]",
      "instances": [
        {
          "schema_version": 0,
          "attributes": {
            "arn": "arn:aws:ec2:us-east-1:908810579717:internet-gateway/igw-0d7c98421023edaf4",
            "id": "igw-0d7c98421023edaf4",
            "owner_id": "908810579717",
            "tags": {
              "Name": "Int-gateway"
            },
            "tags_all": {
              "Name": "Int-gateway"
            },
            "timeouts": null,
            "vpc_id": "vpc-006c986a51cf0e7c9"
          },
          "sensitive_attributes": [],
          "private": "eyJlMmJmYjczMC1lY2FhLTExZTYtOGY4OC0zNDM2M2JjN2M0YzAiOnsiY3JlYXRlIjoxMjAwMDAwMDAwMDAwLCJkZWxldGUiOjEyMDAwMDAwMDAwMDAsInVwZGF0ZSI6MTIwMDAwMDAwMDAwMH19",
          "dependencies": [
            "aws_vpc.myvpc"
          ]
        }
      ]
    },
    {
      "mode": "managed",
      "type": "aws_key_pair",
      "name": "generated_key",
      "provider": "provider[\"registry.terraform.io/hashicorp/aws\"]",
      "instances": [
        {
          "schema_version": 1,
          "attributes": {
            "arn": "arn:aws:ec2:us-east-1:908810579717:key-pair/my-key-pair-rits",
            "fingerprint": "8b:2b:7d:28:7e:b3:99:f5:4d:7a:da:91:25:9e:d0:e2",
            "id": "my-key-pair-rits",
            "key_name": "my-key-pair-rits",
            "key_name_prefix": "",
            "key_pair_id": "key-0be905318cc8fe0bb",
            "key_type": "rsa",
            "public_key": "ssh-rsa AAAAB3NzaC1yc2EAAAADAQABAAACAQDnEV4QuWWgGY43lLR9UYoSohKzYqnZ/o5tgUBFBNEuq7sYfdeMwkonnUWnKKFVQUbv/CQOlIl5s36AQAbL78tLzgzgS0Q5rTOJAL4kjMUmQdqITSQsOJzlVFBS195zi9TNO6+8UhCQz8TFnPfSWc2lOGZMe/zkM2i2c+PftgDwDNpvaBMe4Udf9HRhsv+gU8a7iwJpbbPllD/lH2TmGt7WSHFygoJbzGoG2lnG/wiP+BpjNn3Uy4MFbMAOt99PvIzXlyCGINmugE3cwjcUwvQAqddCGzBV3jvOHYu9R8SOaURa1h2zFayZA2dNuUIy4dAsuwJ2qXedT+xCE5Clylqat+jK5gwb+FugWekyRHdS4WCW7n/2+KIJHqEyW8uhHZ06mnghxj5LCzAAHuCTS4pUhvUIZNMw/leJUm7lGLy/HQHJfQT6JRuuH7/v/55f94YSSy3sN8SXZ5l5NrpQNZs9iqUsIwqUeLlZcJoCzE1aRcUV+seObPn40RLHwFK64SOHEGDSibBCJ2sH+gloE3KnI7i/SXLheRm3Fg1j4k6GrhBH21hkUo1lsydSrrDRPIY/FJrHkQ2g8KbxG2IrCJmYVlFFMMni7aUhRSgNmLQ6Tl9xeZpQp8wNqsobH/pZCjF0QFHozcJAB+lFUqz/GUHkNlVpGRQ0353jpjqNytpURQ==",
            "tags": {},
            "tags_all": {}
          },
          "sensitive_attributes": [],
          "private": "eyJzY2hlbWFfdmVyc2lvbiI6IjEifQ==",
          "dependencies": [
            "tls_private_key.terrafrom_generated_private_key"
          ]
        }
      ]
    },
    {
      "mode": "managed",
      "type": "aws_lb",
      "name": "app-lb",
      "provider": "provider[\"registry.terraform.io/hashicorp/aws\"]",
      "instances": [
        {
          "schema_version": 0,
          "attributes": {
            "access_logs": [
              {
                "bucket": "",
                "enabled": false,
                "prefix": ""
              }
            ],
            "arn": "arn:aws:elasticloadbalancing:us-east-1:908810579717:loadbalancer/app/app-lb/f0a4bf47293d122e",
            "arn_suffix": "app/app-lb/f0a4bf47293d122e",
            "customer_owned_ipv4_pool": "",
            "desync_mitigation_mode": "defensive",
            "dns_name": "app-lb-454348782.us-east-1.elb.amazonaws.com",
            "dns_record_client_routing_policy": null,
            "drop_invalid_header_fields": false,
            "enable_cross_zone_load_balancing": true,
            "enable_deletion_protection": false,
            "enable_http2": true,
            "enable_tls_version_and_cipher_suite_headers": false,
            "enable_waf_fail_open": false,
            "enable_xff_client_port": false,
            "id": "arn:aws:elasticloadbalancing:us-east-1:908810579717:loadbalancer/app/app-lb/f0a4bf47293d122e",
            "idle_timeout": 60,
            "internal": false,
            "ip_address_type": "ipv4",
            "load_balancer_type": "application",
            "name": "app-lb",
            "name_prefix": "",
            "preserve_host_header": false,
            "security_groups": [
              "sg-010d3491b8c4e37e3"
            ],
            "subnet_mapping": [
              {
                "allocation_id": "",
                "ipv6_address": "",
                "outpost_id": "",
                "private_ipv4_address": "",
                "subnet_id": "subnet-0a733e74b056137d3"
              },
              {
                "allocation_id": "",
                "ipv6_address": "",
                "outpost_id": "",
                "private_ipv4_address": "",
                "subnet_id": "subnet-0e36d22abf6bcecb7"
              }
            ],
            "subnets": [
              "subnet-0a733e74b056137d3",
              "subnet-0e36d22abf6bcecb7"
            ],
            "tags": {
              "Name": "rits-alb"
            },
            "tags_all": {
              "Name": "rits-alb"
            },
            "timeouts": null,
            "vpc_id": "vpc-006c986a51cf0e7c9",
            "xff_header_processing_mode": "append",
            "zone_id": "Z35SXDOTRQ7X7K"
          },
          "sensitive_attributes": [],
          "private": "eyJlMmJmYjczMC1lY2FhLTExZTYtOGY4OC0zNDM2M2JjN2M0YzAiOnsiY3JlYXRlIjo2MDAwMDAwMDAwMDAsImRlbGV0ZSI6NjAwMDAwMDAwMDAwLCJ1cGRhdGUiOjYwMDAwMDAwMDAwMH19",
          "dependencies": [
            "aws_security_group.alb_sec_grp",
            "aws_subnet.pr-sub1",
            "aws_subnet.pr-sub2",
            "aws_vpc.myvpc"
          ]
        }
      ]
    },
    {
      "mode": "managed",
      "type": "aws_lb_listener",
      "name": "alb_listener",
      "provider": "provider[\"registry.terraform.io/hashicorp/aws\"]",
      "instances": [
        {
          "schema_version": 0,
          "attributes": {
            "alpn_policy": null,
            "arn": "arn:aws:elasticloadbalancing:us-east-1:908810579717:listener/app/app-lb/f0a4bf47293d122e/b3a2fe8f0e2752d4",
            "certificate_arn": null,
            "default_action": [
              {
                "authenticate_cognito": [],
                "authenticate_oidc": [],
                "fixed_response": [],
                "forward": [],
                "order": 1,
                "redirect": [],
                "target_group_arn": "arn:aws:elasticloadbalancing:us-east-1:908810579717:targetgroup/alb-tg/68648f3afba0c9ca",
                "type": "forward"
              }
            ],
            "id": "arn:aws:elasticloadbalancing:us-east-1:908810579717:listener/app/app-lb/f0a4bf47293d122e/b3a2fe8f0e2752d4",
            "load_balancer_arn": "arn:aws:elasticloadbalancing:us-east-1:908810579717:loadbalancer/app/app-lb/f0a4bf47293d122e",
            "port": 80,
            "protocol": "HTTP",
            "ssl_policy": "",
            "tags": {
              "Name": "Rits-alb"
            },
            "tags_all": {
              "Name": "Rits-alb"
            },
            "timeouts": null
          },
          "sensitive_attributes": [],
          "private": "eyJlMmJmYjczMC1lY2FhLTExZTYtOGY4OC0zNDM2M2JjN2M0YzAiOnsicmVhZCI6NjAwMDAwMDAwMDAwfX0=",
          "dependencies": [
            "aws_lb.app-lb",
            "aws_lb_target_group.target_group",
            "aws_security_group.alb_sec_grp",
            "aws_subnet.pr-sub1",
            "aws_subnet.pr-sub2",
            "aws_vpc.myvpc"
          ]
        }
      ]
    },
    {
      "mode": "managed",
      "type": "aws_lb_target_group",
      "name": "target_group",
      "provider": "provider[\"registry.terraform.io/hashicorp/aws\"]",
      "instances": [
        {
          "schema_version": 0,
          "attributes": {
            "arn": "arn:aws:elasticloadbalancing:us-east-1:908810579717:targetgroup/alb-tg/68648f3afba0c9ca",
            "arn_suffix": "targetgroup/alb-tg/68648f3afba0c9ca",
            "connection_termination": null,
            "deregistration_delay": "300",
            "health_check": [
              {
                "enabled": true,
                "healthy_threshold": 3,
                "interval": 30,
                "matcher": "200",
                "path": "/",
                "port": "traffic-port",
                "protocol": "HTTP",
                "timeout": 5,
                "unhealthy_threshold": 3
              }
            ],
            "id": "arn:aws:elasticloadbalancing:us-east-1:908810579717:targetgroup/alb-tg/68648f3afba0c9ca",
            "ip_address_type": "ipv4",
            "lambda_multi_value_headers_enabled": false,
            "load_balancing_algorithm_type": "round_robin",
            "load_balancing_cross_zone_enabled": "use_load_balancer_configuration",
            "name": "alb-tg",
            "name_prefix": "",
            "port": 80,
            "preserve_client_ip": null,
            "protocol": "HTTP",
            "protocol_version": "HTTP1",
            "proxy_protocol_v2": false,
            "slow_start": 0,
            "stickiness": [
              {
                "cookie_duration": 86400,
                "cookie_name": "",
                "enabled": false,
                "type": "lb_cookie"
              }
            ],
            "tags": {},
            "tags_all": {},
            "target_failover": [
              {
                "on_deregistration": null,
                "on_unhealthy": null
              }
            ],
            "target_health_state": [
              {
                "enable_unhealthy_connection_termination": null
              }
            ],
            "target_type": "instance",
            "vpc_id": "vpc-006c986a51cf0e7c9"
          },
          "sensitive_attributes": [],
          "private": "bnVsbA==",
          "dependencies": [
            "aws_vpc.myvpc"
          ]
        }
      ]
    },
    {
      "mode": "managed",
      "type": "aws_lb_target_group_attachment",
      "name": "target_group_attachment",
      "provider": "provider[\"registry.terraform.io/hashicorp/aws\"]",
      "instances": [
        {
          "schema_version": 0,
          "attributes": {
            "availability_zone": null,
            "id": "arn:aws:elasticloadbalancing:us-east-1:908810579717:targetgroup/alb-tg/68648f3afba0c9ca-20231128135915672400000001",
            "port": 80,
            "target_group_arn": "arn:aws:elasticloadbalancing:us-east-1:908810579717:targetgroup/alb-tg/68648f3afba0c9ca",
            "target_id": "i-03eb6f77982adbf84"
          },
          "sensitive_attributes": [],
          "private": "bnVsbA==",
          "dependencies": [
            "aws_instance.website",
            "aws_lb_target_group.target_group",
            "aws_subnet.pub-sub1",
            "aws_vpc.myvpc"
          ]
        }
      ]
    },
    {
      "mode": "managed",
      "type": "aws_nat_gateway",
      "name": "nat",
      "provider": "provider[\"registry.terraform.io/hashicorp/aws\"]",
      "instances": [
        {
          "schema_version": 0,
          "attributes": {
            "allocation_id": "eipalloc-07dbd3eb1793b8de0",
            "association_id": "eipassoc-011b9628867a543cd",
            "connectivity_type": "public",
            "id": "nat-07fe6d74846ffd5e0",
            "network_interface_id": "eni-09e183534f923298c",
            "private_ip": "10.0.1.26",
            "public_ip": "34.205.115.76",
            "secondary_allocation_ids": [],
            "secondary_private_ip_address_count": 0,
            "secondary_private_ip_addresses": [],
            "subnet_id": "subnet-09fe5b9cd1b5f28c7",
            "tags": {
              "Name": "gw NAT"
            },
            "tags_all": {
              "Name": "gw NAT"
            },
            "timeouts": null
          },
          "sensitive_attributes": [],
          "private": "eyJlMmJmYjczMC1lY2FhLTExZTYtOGY4OC0zNDM2M2JjN2M0YzAiOnsiY3JlYXRlIjo2MDAwMDAwMDAwMDAsImRlbGV0ZSI6MTgwMDAwMDAwMDAwMCwidXBkYXRlIjo2MDAwMDAwMDAwMDB9fQ==",
          "dependencies": [
            "aws_eip.eip",
            "aws_subnet.pub-sub1",
            "aws_vpc.myvpc"
          ]
        }
      ]
    },
    {
      "mode": "managed",
      "type": "aws_route_table",
      "name": "prb-routeTB1",
      "provider": "provider[\"registry.terraform.io/hashicorp/aws\"]",
      "instances": [
        {
          "schema_version": 0,
          "attributes": {
            "arn": "arn:aws:ec2:us-east-1:908810579717:route-table/rtb-0d0b4c64e15853273",
            "id": "rtb-0d0b4c64e15853273",
            "owner_id": "908810579717",
            "propagating_vgws": [],
            "route": [
              {
                "carrier_gateway_id": "",
                "cidr_block": "0.0.0.0/0",
                "core_network_arn": "",
                "destination_prefix_list_id": "",
                "egress_only_gateway_id": "",
                "gateway_id": "nat-07fe6d74846ffd5e0",
                "ipv6_cidr_block": "",
                "local_gateway_id": "",
                "nat_gateway_id": "",
                "network_interface_id": "",
                "transit_gateway_id": "",
                "vpc_endpoint_id": "",
                "vpc_peering_connection_id": ""
              }
            ],
            "tags": {
              "Name": "prb-routeTB1"
            },
            "tags_all": {
              "Name": "prb-routeTB1"
            },
            "timeouts": null,
            "vpc_id": "vpc-006c986a51cf0e7c9"
          },
          "sensitive_attributes": [],
          "private": "eyJlMmJmYjczMC1lY2FhLTExZTYtOGY4OC0zNDM2M2JjN2M0YzAiOnsiY3JlYXRlIjozMDAwMDAwMDAwMDAsImRlbGV0ZSI6MzAwMDAwMDAwMDAwLCJ1cGRhdGUiOjEyMDAwMDAwMDAwMH19",
          "dependencies": [
            "aws_eip.eip",
            "aws_nat_gateway.nat",
            "aws_subnet.pub-sub1",
            "aws_vpc.myvpc"
          ]
        }
      ]
    },
    {
      "mode": "managed",
      "type": "aws_route_table",
      "name": "pub-routeTB",
      "provider": "provider[\"registry.terraform.io/hashicorp/aws\"]",
      "instances": [
        {
          "schema_version": 0,
          "attributes": {
            "arn": "arn:aws:ec2:us-east-1:908810579717:route-table/rtb-0b19fe59f285145cc",
            "id": "rtb-0b19fe59f285145cc",
            "owner_id": "908810579717",
            "propagating_vgws": [],
            "route": [
              {
                "carrier_gateway_id": "",
                "cidr_block": "0.0.0.0/0",
                "core_network_arn": "",
                "destination_prefix_list_id": "",
                "egress_only_gateway_id": "",
                "gateway_id": "igw-0d7c98421023edaf4",
                "ipv6_cidr_block": "",
                "local_gateway_id": "",
                "nat_gateway_id": "",
                "network_interface_id": "",
                "transit_gateway_id": "",
                "vpc_endpoint_id": "",
                "vpc_peering_connection_id": ""
              }
            ],
            "tags": {
              "Name": "pub-routeTB"
            },
            "tags_all": {
              "Name": "pub-routeTB"
            },
            "timeouts": null,
            "vpc_id": "vpc-006c986a51cf0e7c9"
          },
          "sensitive_attributes": [],
          "private": "eyJlMmJmYjczMC1lY2FhLTExZTYtOGY4OC0zNDM2M2JjN2M0YzAiOnsiY3JlYXRlIjozMDAwMDAwMDAwMDAsImRlbGV0ZSI6MzAwMDAwMDAwMDAwLCJ1cGRhdGUiOjEyMDAwMDAwMDAwMH19",
          "dependencies": [
            "aws_internet_gateway.int-gateway",
            "aws_vpc.myvpc"
          ]
        }
      ]
    },
    {
      "mode": "managed",
      "type": "aws_route_table_association",
      "name": "rtb-association",
      "provider": "provider[\"registry.terraform.io/hashicorp/aws\"]",
      "instances": [
        {
          "schema_version": 0,
          "attributes": {
            "gateway_id": "",
            "id": "rtbassoc-0de48a37c005d0dc1",
            "route_table_id": "rtb-0b19fe59f285145cc",
            "subnet_id": "subnet-09fe5b9cd1b5f28c7",
            "timeouts": null
          },
          "sensitive_attributes": [],
          "private": "eyJlMmJmYjczMC1lY2FhLTExZTYtOGY4OC0zNDM2M2JjN2M0YzAiOnsiY3JlYXRlIjozMDAwMDAwMDAwMDAsImRlbGV0ZSI6MzAwMDAwMDAwMDAwLCJ1cGRhdGUiOjEyMDAwMDAwMDAwMH19",
          "dependencies": [
            "aws_internet_gateway.int-gateway",
            "aws_route_table.pub-routeTB",
            "aws_subnet.pub-sub1",
            "aws_vpc.myvpc"
          ]
        }
      ]
    },
    {
      "mode": "managed",
      "type": "aws_route_table_association",
      "name": "rtb-association-prb",
      "provider": "provider[\"registry.terraform.io/hashicorp/aws\"]",
      "instances": [
        {
          "schema_version": 0,
          "attributes": {
            "gateway_id": "",
            "id": "rtbassoc-08b3b456ff298642d",
            "route_table_id": "rtb-0d0b4c64e15853273",
            "subnet_id": "subnet-0a733e74b056137d3",
            "timeouts": null
          },
          "sensitive_attributes": [],
          "private": "eyJlMmJmYjczMC1lY2FhLTExZTYtOGY4OC0zNDM2M2JjN2M0YzAiOnsiY3JlYXRlIjozMDAwMDAwMDAwMDAsImRlbGV0ZSI6MzAwMDAwMDAwMDAwLCJ1cGRhdGUiOjEyMDAwMDAwMDAwMH19",
          "dependencies": [
            "aws_eip.eip",
            "aws_nat_gateway.nat",
            "aws_route_table.prb-routeTB1",
            "aws_subnet.pr-sub1",
            "aws_subnet.pub-sub1",
            "aws_vpc.myvpc"
          ]
        }
      ]
    },
    {
      "mode": "managed",
      "type": "aws_route_table_association",
      "name": "rtb-association-prb1",
      "provider": "provider[\"registry.terraform.io/hashicorp/aws\"]",
      "instances": [
        {
          "schema_version": 0,
          "attributes": {
            "gateway_id": "",
            "id": "rtbassoc-060f30b10b2697636",
            "route_table_id": "rtb-0d0b4c64e15853273",
            "subnet_id": "subnet-0e36d22abf6bcecb7",
            "timeouts": null
          },
          "sensitive_attributes": [],
          "private": "eyJlMmJmYjczMC1lY2FhLTExZTYtOGY4OC0zNDM2M2JjN2M0YzAiOnsiY3JlYXRlIjozMDAwMDAwMDAwMDAsImRlbGV0ZSI6MzAwMDAwMDAwMDAwLCJ1cGRhdGUiOjEyMDAwMDAwMDAwMH19",
          "dependencies": [
            "aws_eip.eip",
            "aws_nat_gateway.nat",
            "aws_route_table.prb-routeTB1",
            "aws_subnet.pr-sub2",
            "aws_subnet.pub-sub1",
            "aws_vpc.myvpc"
          ]
        }
      ]
    },
    {
      "mode": "managed",
      "type": "aws_route_table_association",
      "name": "rtb-association1",
      "provider": "provider[\"registry.terraform.io/hashicorp/aws\"]",
      "instances": [
        {
          "schema_version": 0,
          "attributes": {
            "gateway_id": "",
            "id": "rtbassoc-002bfa7be272d610f",
            "route_table_id": "rtb-0b19fe59f285145cc",
            "subnet_id": "subnet-0fb38849f02720a7e",
            "timeouts": null
          },
          "sensitive_attributes": [],
          "private": "eyJlMmJmYjczMC1lY2FhLTExZTYtOGY4OC0zNDM2M2JjN2M0YzAiOnsiY3JlYXRlIjozMDAwMDAwMDAwMDAsImRlbGV0ZSI6MzAwMDAwMDAwMDAwLCJ1cGRhdGUiOjEyMDAwMDAwMDAwMH19",
          "dependencies": [
            "aws_internet_gateway.int-gateway",
            "aws_route_table.pub-routeTB",
            "aws_subnet.pub-sub2",
            "aws_vpc.myvpc"
          ]
        }
      ]
    },
    {
      "mode": "managed",
      "type": "aws_security_group",
      "name": "alb_sec_grp",
      "provider": "provider[\"registry.terraform.io/hashicorp/aws\"]",
      "instances": [
        {
          "schema_version": 1,
          "attributes": {
            "arn": "arn:aws:ec2:us-east-1:908810579717:security-group/sg-010d3491b8c4e37e3",
            "description": "Allow TLS inbound traffic",
            "egress": [
              {
                "cidr_blocks": [
                  "0.0.0.0/0"
                ],
                "description": "",
                "from_port": 0,
                "ipv6_cidr_blocks": [
                  "::/0"
                ],
                "prefix_list_ids": [],
                "protocol": "-1",
                "security_groups": [],
                "self": false,
                "to_port": 0
              }
            ],
            "id": "sg-010d3491b8c4e37e3",
            "ingress": [
              {
                "cidr_blocks": [
                  "0.0.0.0/0"
                ],
                "description": "TLS from VPC",
                "from_port": 443,
                "ipv6_cidr_blocks": [],
                "prefix_list_ids": [],
                "protocol": "tcp",
                "security_groups": [],
                "self": false,
                "to_port": 443
              }
            ],
            "name": "alb_sec_grp",
            "name_prefix": "",
            "owner_id": "908810579717",
            "revoke_rules_on_delete": false,
            "tags": {
              "Name": "alb_sec_grp"
            },
            "tags_all": {
              "Name": "alb_sec_grp"
            },
            "timeouts": null,
            "vpc_id": "vpc-006c986a51cf0e7c9"
          },
          "sensitive_attributes": [],
          "private": "eyJlMmJmYjczMC1lY2FhLTExZTYtOGY4OC0zNDM2M2JjN2M0YzAiOnsiY3JlYXRlIjo2MDAwMDAwMDAwMDAsImRlbGV0ZSI6OTAwMDAwMDAwMDAwfSwic2NoZW1hX3ZlcnNpb24iOiIxIn0=",
          "dependencies": [
            "aws_vpc.myvpc"
          ]
        }
      ]
    },
    {
      "mode": "managed",
      "type": "aws_subnet",
      "name": "pr-sub1",
      "provider": "provider[\"registry.terraform.io/hashicorp/aws\"]",
      "instances": [
        {
          "schema_version": 1,
          "attributes": {
            "arn": "arn:aws:ec2:us-east-1:908810579717:subnet/subnet-0a733e74b056137d3",
            "assign_ipv6_address_on_creation": false,
            "availability_zone": "us-east-1a",
            "availability_zone_id": "use1-az4",
            "cidr_block": "10.0.3.0/24",
            "customer_owned_ipv4_pool": "",
            "enable_dns64": false,
            "enable_lni_at_device_index": 0,
            "enable_resource_name_dns_a_record_on_launch": false,
            "enable_resource_name_dns_aaaa_record_on_launch": false,
            "id": "subnet-0a733e74b056137d3",
            "ipv6_cidr_block": "",
            "ipv6_cidr_block_association_id": "",
            "ipv6_native": false,
            "map_customer_owned_ip_on_launch": false,
            "map_public_ip_on_launch": false,
            "outpost_arn": "",
            "owner_id": "908810579717",
            "private_dns_hostname_type_on_launch": "ip-name",
            "tags": {
              "Name": "private-sub1"
            },
            "tags_all": {
              "Name": "private-sub1"
            },
            "timeouts": null,
            "vpc_id": "vpc-006c986a51cf0e7c9"
          },
          "sensitive_attributes": [],
          "private": "eyJlMmJmYjczMC1lY2FhLTExZTYtOGY4OC0zNDM2M2JjN2M0YzAiOnsiY3JlYXRlIjo2MDAwMDAwMDAwMDAsImRlbGV0ZSI6MTIwMDAwMDAwMDAwMH0sInNjaGVtYV92ZXJzaW9uIjoiMSJ9",
          "dependencies": [
            "aws_vpc.myvpc"
          ]
        }
      ]
    },
    {
      "mode": "managed",
      "type": "aws_subnet",
      "name": "pr-sub2",
      "provider": "provider[\"registry.terraform.io/hashicorp/aws\"]",
      "instances": [
        {
          "schema_version": 1,
          "attributes": {
            "arn": "arn:aws:ec2:us-east-1:908810579717:subnet/subnet-0e36d22abf6bcecb7",
            "assign_ipv6_address_on_creation": false,
            "availability_zone": "us-east-1d",
            "availability_zone_id": "use1-az2",
            "cidr_block": "10.0.4.0/24",
            "customer_owned_ipv4_pool": "",
            "enable_dns64": false,
            "enable_lni_at_device_index": 0,
            "enable_resource_name_dns_a_record_on_launch": false,
            "enable_resource_name_dns_aaaa_record_on_launch": false,
            "id": "subnet-0e36d22abf6bcecb7",
            "ipv6_cidr_block": "",
            "ipv6_cidr_block_association_id": "",
            "ipv6_native": false,
            "map_customer_owned_ip_on_launch": false,
            "map_public_ip_on_launch": false,
            "outpost_arn": "",
            "owner_id": "908810579717",
            "private_dns_hostname_type_on_launch": "ip-name",
            "tags": {
              "Name": "private-sub2"
            },
            "tags_all": {
              "Name": "private-sub2"
            },
            "timeouts": null,
            "vpc_id": "vpc-006c986a51cf0e7c9"
          },
          "sensitive_attributes": [],
          "private": "eyJlMmJmYjczMC1lY2FhLTExZTYtOGY4OC0zNDM2M2JjN2M0YzAiOnsiY3JlYXRlIjo2MDAwMDAwMDAwMDAsImRlbGV0ZSI6MTIwMDAwMDAwMDAwMH0sInNjaGVtYV92ZXJzaW9uIjoiMSJ9",
          "dependencies": [
            "aws_vpc.myvpc"
          ]
        }
      ]
    },
    {
      "mode": "managed",
      "type": "aws_subnet",
      "name": "pub-sub1",
      "provider": "provider[\"registry.terraform.io/hashicorp/aws\"]",
      "instances": [
        {
          "schema_version": 1,
          "attributes": {
            "arn": "arn:aws:ec2:us-east-1:908810579717:subnet/subnet-09fe5b9cd1b5f28c7",
            "assign_ipv6_address_on_creation": false,
            "availability_zone": "us-east-1a",
            "availability_zone_id": "use1-az4",
            "cidr_block": "10.0.1.0/24",
            "customer_owned_ipv4_pool": "",
            "enable_dns64": false,
            "enable_lni_at_device_index": 0,
            "enable_resource_name_dns_a_record_on_launch": false,
            "enable_resource_name_dns_aaaa_record_on_launch": false,
            "id": "subnet-09fe5b9cd1b5f28c7",
            "ipv6_cidr_block": "",
            "ipv6_cidr_block_association_id": "",
            "ipv6_native": false,
            "map_customer_owned_ip_on_launch": false,
            "map_public_ip_on_launch": false,
            "outpost_arn": "",
            "owner_id": "908810579717",
            "private_dns_hostname_type_on_launch": "ip-name",
            "tags": {
              "Name": "pub-sub1"
            },
            "tags_all": {
              "Name": "pub-sub1"
            },
            "timeouts": null,
            "vpc_id": "vpc-006c986a51cf0e7c9"
          },
          "sensitive_attributes": [],
          "private": "eyJlMmJmYjczMC1lY2FhLTExZTYtOGY4OC0zNDM2M2JjN2M0YzAiOnsiY3JlYXRlIjo2MDAwMDAwMDAwMDAsImRlbGV0ZSI6MTIwMDAwMDAwMDAwMH0sInNjaGVtYV92ZXJzaW9uIjoiMSJ9",
          "dependencies": [
            "aws_vpc.myvpc"
          ]
        }
      ]
    },
    {
      "mode": "managed",
      "type": "aws_subnet",
      "name": "pub-sub2",
      "provider": "provider[\"registry.terraform.io/hashicorp/aws\"]",
      "instances": [
        {
          "schema_version": 1,
          "attributes": {
            "arn": "arn:aws:ec2:us-east-1:908810579717:subnet/subnet-0fb38849f02720a7e",
            "assign_ipv6_address_on_creation": false,
            "availability_zone": "us-east-1a",
            "availability_zone_id": "use1-az4",
            "cidr_block": "10.0.2.0/24",
            "customer_owned_ipv4_pool": "",
            "enable_dns64": false,
            "enable_lni_at_device_index": 0,
            "enable_resource_name_dns_a_record_on_launch": false,
            "enable_resource_name_dns_aaaa_record_on_launch": false,
            "id": "subnet-0fb38849f02720a7e",
            "ipv6_cidr_block": "",
            "ipv6_cidr_block_association_id": "",
            "ipv6_native": false,
            "map_customer_owned_ip_on_launch": false,
            "map_public_ip_on_launch": false,
            "outpost_arn": "",
            "owner_id": "908810579717",
            "private_dns_hostname_type_on_launch": "ip-name",
            "tags": {
              "Name": "pub-sub2"
            },
            "tags_all": {
              "Name": "pub-sub2"
            },
            "timeouts": null,
            "vpc_id": "vpc-006c986a51cf0e7c9"
          },
          "sensitive_attributes": [],
          "private": "eyJlMmJmYjczMC1lY2FhLTExZTYtOGY4OC0zNDM2M2JjN2M0YzAiOnsiY3JlYXRlIjo2MDAwMDAwMDAwMDAsImRlbGV0ZSI6MTIwMDAwMDAwMDAwMH0sInNjaGVtYV92ZXJzaW9uIjoiMSJ9",
          "dependencies": [
            "aws_vpc.myvpc"
          ]
        }
      ]
    },
    {
      "mode": "managed",
      "type": "aws_vpc",
      "name": "myvpc",
      "provider": "provider[\"registry.terraform.io/hashicorp/aws\"]",
      "instances": [
        {
          "schema_version": 1,
          "attributes": {
            "arn": "arn:aws:ec2:us-east-1:908810579717:vpc/vpc-006c986a51cf0e7c9",
            "assign_generated_ipv6_cidr_block": false,
            "cidr_block": "10.0.0.0/16",
            "default_network_acl_id": "acl-056b4365569f0cde4",
            "default_route_table_id": "rtb-051db65d4feacdde9",
            "default_security_group_id": "sg-00b30d2b565c3aaab",
            "dhcp_options_id": "dopt-070e751f023b66e2b",
            "enable_dns_hostnames": false,
            "enable_dns_support": true,
            "enable_network_address_usage_metrics": false,
            "id": "vpc-006c986a51cf0e7c9",
            "instance_tenancy": "default",
            "ipv4_ipam_pool_id": null,
            "ipv4_netmask_length": null,
            "ipv6_association_id": "",
            "ipv6_cidr_block": "",
            "ipv6_cidr_block_network_border_group": "",
            "ipv6_ipam_pool_id": "",
            "ipv6_netmask_length": 0,
            "main_route_table_id": "rtb-051db65d4feacdde9",
            "owner_id": "908810579717",
            "tags": {
              "Name": "Ritushree-vpc"
            },
            "tags_all": {
              "Name": "Ritushree-vpc"
            }
          },
          "sensitive_attributes": [],
          "private": "eyJzY2hlbWFfdmVyc2lvbiI6IjEifQ=="
        }
      ]
    },
    {
      "mode": "managed",
      "type": "tls_private_key",
      "name": "terrafrom_generated_private_key",
      "provider": "provider[\"registry.terraform.io/hashicorp/tls\"]",
      "instances": [
        {
          "schema_version": 1,
          "attributes": {
            "algorithm": "RSA",
            "ecdsa_curve": "P224",
            "id": "54fcc4012c6156a9dda69f2d935b446568d32042",
            "private_key_openssh": "-----BEGIN OPENSSH PRIVATE KEY-----\nb3BlbnNzaC1rZXktdjEAAAAABG5vbmUAAAAEbm9uZQAAAAAAAAABAAACFwAAAAdz\nc2gtcnNhAAAAAwEAAQAAAgEA5xFeELlloBmON5S0fVGKEqISs2Kp2f6ObYFARQTR\nLqu7GH3XjMJKJ51FpyihVUFG7/wkDpSJebN+gEAGy+/LS84M4EtEOa0ziQC+JIzF\nJkHaiE0kLDic5VRQUtfec4vUzTuvvFIQkM/ExZz30lnNpThmTHv85DNotnPj37YA\n8Azab2gTHuFHX/R0YbL/oFPGu4sCaW2z5ZQ/5R9k5hre1khxcoKCW8xqBtpZxv8I\nj/gaYzZ91MuDBWzADrffT7yM15cghiDZroBN3MI3FML0AKnXQhswVd47zh2LvUfE\njmlEWtYdsxWsmQNnTblCMuHQLLsCdql3nU/sQhOQpcpamrfoyuYMG/hboFnpMkR3\nUuFglu5/9viiCR6hMlvLoR2dOpp4IcY+SwswAB7gk0uKVIb1CGTTMP5XiVJu5Ri8\nvx0ByX0E+iUbrh+/7/+eX/eGEkst7DfEl2eZeTa6UDWbPYqlLCMKlHi5WXCaAsxN\nWkXFFfrHjmz5+NESx8BSuuEjhxBg0omwQidrB/oJaBNypyO4v0ly4XkZtxYNY+JO\nhq4QR9tYZFKNZbMnUq6w0TyGPxSax5ENoPCm8RtiKwiZmFZRRTDJ4u2lIUUoDZi0\nOk5fcXmaUKfMDarKGx/6WQoxdEBR6M3CQAfpRVKs/xlB5DZVaRkUNN+d46Y6jcra\nVEUAAAc4aRJWL2kSVi8AAAAHc3NoLXJzYQAAAgEA5xFeELlloBmON5S0fVGKEqIS\ns2Kp2f6ObYFARQTRLqu7GH3XjMJKJ51FpyihVUFG7/wkDpSJebN+gEAGy+/LS84M\n4EtEOa0ziQC+JIzFJkHaiE0kLDic5VRQUtfec4vUzTuvvFIQkM/ExZz30lnNpThm\nTHv85DNotnPj37YA8Azab2gTHuFHX/R0YbL/oFPGu4sCaW2z5ZQ/5R9k5hre1khx\ncoKCW8xqBtpZxv8Ij/gaYzZ91MuDBWzADrffT7yM15cghiDZroBN3MI3FML0AKnX\nQhswVd47zh2LvUfEjmlEWtYdsxWsmQNnTblCMuHQLLsCdql3nU/sQhOQpcpamrfo\nyuYMG/hboFnpMkR3UuFglu5/9viiCR6hMlvLoR2dOpp4IcY+SwswAB7gk0uKVIb1\nCGTTMP5XiVJu5Ri8vx0ByX0E+iUbrh+/7/+eX/eGEkst7DfEl2eZeTa6UDWbPYql\nLCMKlHi5WXCaAsxNWkXFFfrHjmz5+NESx8BSuuEjhxBg0omwQidrB/oJaBNypyO4\nv0ly4XkZtxYNY+JOhq4QR9tYZFKNZbMnUq6w0TyGPxSax5ENoPCm8RtiKwiZmFZR\nRTDJ4u2lIUUoDZi0Ok5fcXmaUKfMDarKGx/6WQoxdEBR6M3CQAfpRVKs/xlB5DZV\naRkUNN+d46Y6jcraVEUAAAADAQABAAACAQCnRAI01xBCyd0STPousWTiwiIJawWL\nQWM2z9aHX8pRH41rWEU9prNpY8a1D4tiHMPOG1a6mzm9OHr9Odvxqt8eO8VEZBe6\nLK/eoAQEj0ZzwD4CZt0licHBnLwcjBmCyRk9i9RV3Y4SVeSaLFuVEN71mBMtkJ9r\nTe+iC9hL7ANXweYpuUwGEYvKYToSMzIqjBqTTjhruzb7nMp4ALbYf2EJ+xzsiJ72\n9s1VsqBElf9LwIzRfvOto7hvp96LiP0FSncl5Uds8MDDOiui/5BB3jIlfMzPFMFz\nl1Dxjp/GX/pgIMGTg+Wx6qGrjjQspkvOa3p3ttQ8s8ZbwSxEVMdjzEyyzQZMa8uS\nIz7ZlBlhr5he5q5b81+shDEEtI1ii+uujEYt6uirQLVJ7qltdmOvyNRNeBHi2iV1\nIvP+3WUnoac1hwYN0GEcSKsKGAbmPDfw6Jk6GCh0BfiKONcP8z9jw0VAQBcZnsqQ\n+ffzPPuxkqnLRuXS1FHi8H7HG0cY1hd1F+MwfpFnBdLbmcWlL/IgERM3iRvdgLjb\nMmXQN7LHxPiz5GCj/D1p1wylMOuIffvLlBq6011fb1UT8aqJsMnj6ZPTRfb7omma\nsTjGnGxbXAVP92n/8y8Njl4G6fZcn5IGSgnjDsleW3fblVpR0c80C3eAAAiAFrXO\nbBJsfUzwzJzWIQAAAQA63/zKE7iLEazyvDEhG9Ge53dX6MDLY3OrqYQzygh2HAmL\n8OQ7FQBuCEeFKBZmE2FtidITjzqbnyNUEzvxwQdO2FgwEqcKB0+Z5kEijZ2KP22Q\nRq+gvZ0xLNLug0u1newwqnTN8dR2BBKwzr+Ogd2joaAvjT4itGbC15z8WKzQR+NM\nvMXeON8WgAQZjOSHXyrHvNUTlezoaTkaWtp3IismPPnVqS4lKWSIx3ij1WlTp9W9\nP95retGvOpYZEYT2RtO6C6zRcuRJf62XYSzgzC/K0OpgefMEm60ay1MGuKhgKOSA\nTd2zyEZFgRC1as8Aer52pmNfI1hLrw0Vlo6rZoeYAAABAQD1NApH3sEmO0WW5XTa\n3No0S/7Aarb7iGh1U+5Ln9hG1ETf1alJOyfwSnr5KQLD2bQ9KPL7VFkXq+aypY+A\ntg6kOc/V1o9e64zCpJgE6xm3WNB7H/mqNlA9oW9chQFOXvkY0YZuinu4f9BindG7\n7fF5gnkstDovXNvJrt38cOGZNoL8afR2yKq8cmV/+X+tn8MqNFv7X26nMIN7Q0ej\nS5AWAZKYTaSjV7o33RiWM7MbTSNMAhsO5TqxTOX5l6jQHzUKTcpR0fxe70wPn4Gw\no5Rl0qWUlsbG9iUf/8rDClc30Or5qNDqwxuCoEzjpIZWNfVO1+a+rGjIsP7HtDFA\nlyXZAAABAQDxPf2vlzZAfTJbAOcU+C8hnsmApCFoxcQjW4F/On9TvufgZ5u5K9ps\nmoB1g9B2DgWDXJf6UP701E1D7WARoTwfo3nx3sV2qEyPSpHQm/IxCM1bEr5ixZfY\nc+XmwKSQYkZ0oB7qIciX2zmr/a2RaNN12yiTcpS6c0zyVVOgV2dI7ZHWO41eDs8A\nHsZq5E0dxcOD0ahpIARDAQL3VXxTjsNCfMb9LPBCH5I61unwJTdiaaGeeQbAEh36\nVQBkT92xrtmt66GLETwvV1ScnH9SEbz5Hy/3NxFtjc2awC0+vg+U6ef7DWmwL2Ja\nsu3H7fjN3O4UxxXcpIqQfyTAK0YDckJNAAAAAAEC\n-----END OPENSSH PRIVATE KEY-----\n",
            "private_key_pem": "-----BEGIN RSA PRIVATE KEY-----\nMIIJKQIBAAKCAgEA5xFeELlloBmON5S0fVGKEqISs2Kp2f6ObYFARQTRLqu7GH3X\njMJKJ51FpyihVUFG7/wkDpSJebN+gEAGy+/LS84M4EtEOa0ziQC+JIzFJkHaiE0k\nLDic5VRQUtfec4vUzTuvvFIQkM/ExZz30lnNpThmTHv85DNotnPj37YA8Azab2gT\nHuFHX/R0YbL/oFPGu4sCaW2z5ZQ/5R9k5hre1khxcoKCW8xqBtpZxv8Ij/gaYzZ9\n1MuDBWzADrffT7yM15cghiDZroBN3MI3FML0AKnXQhswVd47zh2LvUfEjmlEWtYd\nsxWsmQNnTblCMuHQLLsCdql3nU/sQhOQpcpamrfoyuYMG/hboFnpMkR3UuFglu5/\n9viiCR6hMlvLoR2dOpp4IcY+SwswAB7gk0uKVIb1CGTTMP5XiVJu5Ri8vx0ByX0E\n+iUbrh+/7/+eX/eGEkst7DfEl2eZeTa6UDWbPYqlLCMKlHi5WXCaAsxNWkXFFfrH\njmz5+NESx8BSuuEjhxBg0omwQidrB/oJaBNypyO4v0ly4XkZtxYNY+JOhq4QR9tY\nZFKNZbMnUq6w0TyGPxSax5ENoPCm8RtiKwiZmFZRRTDJ4u2lIUUoDZi0Ok5fcXma\nUKfMDarKGx/6WQoxdEBR6M3CQAfpRVKs/xlB5DZVaRkUNN+d46Y6jcraVEUCAwEA\nAQKCAgEAp0QCNNcQQsndEkz6LrFk4sIiCWsFi0FjNs/Wh1/KUR+Na1hFPaazaWPG\ntQ+LYhzDzhtWups5vTh6/Tnb8arfHjvFRGQXuiyv3qAEBI9Gc8A+AmbdJYnBwZy8\nHIwZgskZPYvUVd2OElXkmixblRDe9ZgTLZCfa03vogvYS+wDV8HmKblMBhGLymE6\nEjMyKowak044a7s2+5zKeAC22H9hCfsc7Iie9vbNVbKgRJX/S8CM0X7zraO4b6fe\ni4j9BUp3JeVHbPDAwzorov+QQd4yJXzMzxTBc5dQ8Y6fxl/6YCDBk4Plseqhq440\nLKZLzmt6d7bUPLPGW8EsRFTHY8xMss0GTGvLkiM+2ZQZYa+YXuauW/NfrIQxBLSN\nYovrroxGLeroq0C1Se6pbXZjr8jUTXgR4toldSLz/t1lJ6GnNYcGDdBhHEirChgG\n5jw38OiZOhgodAX4ijjXD/M/Y8NFQEAXGZ7KkPn38zz7sZKpy0bl0tRR4vB+xxtH\nGNYXdRfjMH6RZwXS25nFpS/yIBETN4kb3YC42zJl0Deyx8T4s+Rgo/w9adcMpTDr\niH37y5QautNdX29VE/GqibDJ4+mT00X2+6JpmrE4xpxsW1wFT/dp//MvDY5eBun2\nXJ+SBkoJ4w7JXlt325VaUdHPNAt3gAAIgBa1zmwSbH1M8Myc1iECggEBAPU0Ckfe\nwSY7RZbldNrc2jRL/sBqtvuIaHVT7kuf2EbURN/VqUk7J/BKevkpAsPZtD0o8vtU\nWRer5rKlj4C2DqQ5z9XWj17rjMKkmATrGbdY0Hsf+ao2UD2hb1yFAU5e+RjRhm6K\ne7h/0GKd0bvt8XmCeSy0Oi9c28mu3fxw4Zk2gvxp9HbIqrxyZX/5f62fwyo0W/tf\nbqcwg3tDR6NLkBYBkphNpKNXujfdGJYzsxtNI0wCGw7lOrFM5fmXqNAfNQpNylHR\n/F7vTA+fgbCjlGXSpZSWxsb2JR//ysMKVzfQ6vmo0OrDG4KgTOOkhlY19U7X5r6s\naMiw/se0MUCXJdkCggEBAPE9/a+XNkB9MlsA5xT4LyGeyYCkIWjFxCNbgX86f1O+\n5+Bnm7kr2myagHWD0HYOBYNcl/pQ/vTUTUPtYBGhPB+jefHexXaoTI9KkdCb8jEI\nzVsSvmLFl9hz5ebApJBiRnSgHuohyJfbOav9rZFo03XbKJNylLpzTPJVU6BXZ0jt\nkdY7jV4OzwAexmrkTR3Fw4PRqGkgBEMBAvdVfFOOw0J8xv0s8EIfkjrW6fAlN2Jp\noZ55BsASHfpVAGRP3bGu2a3roYsRPC9XVJycf1IRvPkfL/c3EW2NzZrALT6+D5Tp\n5/sNabAvYlqy7cft+M3c7hTHFdykipB/JMArRgNyQk0CggEBAPJaMDse4NsvxDVD\nr37OwODlp/J4x0jPZydoAGRApdxD25s8q+hUjsICa48uyKvY1juI6LgegzxRTGCQ\nIMj/qHMLLO/W9LfFqseLNTHPSQidwNmhHfvtWNvBXrccQtE6L4wnM264c1ZFBisi\nf3T21i/aFHhp3gSIDDhIHOJwk5oCde6TrutkpNRDYSze5iIugRCK1csbZNvcqGfB\ndOHiQpRtk33zZ+GGSOkEH1P9324BjPyILERJrvwk3D0Yd+LUpXD8uBasrHsMm6np\nZp6232rQi5XUfL2T9det07N42gGx/T0rbOpMUzmFxNlO+PPmuwHlhQw6jgqmXfv2\njqOfgOkCggEAJAEBfJRPx34n5scSteF4f0cIgcd9KPrjE/fTMt7TI/eI+cfcyN0P\no0fHxkIe+Y+MKRfHotc1xeptgabKwLbUl1A5oeyCgfwKORSDAKRVmBXdOCtq+KjO\nycI6XJ8BsH7KTxuaoYzbODbCu7WHkv0XGi7UNnVSVyVgJYawjWyeAJdcPaHzrkb9\ng+IT8N4T2E6sqF7BCLd7i1h6TdmXTY0v/RtMQ3rSfLvjgh6TGYEka+6h7VnYtQ+/\nI55OCaqVxq/20uso1+2BkvswqJL+uYvmLTQHX5j7Y+NW/TKTThrljm7+bUyKKn5X\n6ntr23vbtzWy3qz7yUtRVtFy9a8/qsIBvQKCAQA63/zKE7iLEazyvDEhG9Ge53dX\n6MDLY3OrqYQzygh2HAmL8OQ7FQBuCEeFKBZmE2FtidITjzqbnyNUEzvxwQdO2Fgw\nEqcKB0+Z5kEijZ2KP22QRq+gvZ0xLNLug0u1newwqnTN8dR2BBKwzr+Ogd2joaAv\njT4itGbC15z8WKzQR+NMvMXeON8WgAQZjOSHXyrHvNUTlezoaTkaWtp3IismPPnV\nqS4lKWSIx3ij1WlTp9W9P95retGvOpYZEYT2RtO6C6zRcuRJf62XYSzgzC/K0Opg\nefMEm60ay1MGuKhgKOSATd2zyEZFgRC1as8Aer52pmNfI1hLrw0Vlo6rZoeY\n-----END RSA PRIVATE KEY-----\n",
            "private_key_pem_pkcs8": "-----BEGIN PRIVATE KEY-----\nMIIJQwIBADANBgkqhkiG9w0BAQEFAASCCS0wggkpAgEAAoICAQDnEV4QuWWgGY43\nlLR9UYoSohKzYqnZ/o5tgUBFBNEuq7sYfdeMwkonnUWnKKFVQUbv/CQOlIl5s36A\nQAbL78tLzgzgS0Q5rTOJAL4kjMUmQdqITSQsOJzlVFBS195zi9TNO6+8UhCQz8TF\nnPfSWc2lOGZMe/zkM2i2c+PftgDwDNpvaBMe4Udf9HRhsv+gU8a7iwJpbbPllD/l\nH2TmGt7WSHFygoJbzGoG2lnG/wiP+BpjNn3Uy4MFbMAOt99PvIzXlyCGINmugE3c\nwjcUwvQAqddCGzBV3jvOHYu9R8SOaURa1h2zFayZA2dNuUIy4dAsuwJ2qXedT+xC\nE5Clylqat+jK5gwb+FugWekyRHdS4WCW7n/2+KIJHqEyW8uhHZ06mnghxj5LCzAA\nHuCTS4pUhvUIZNMw/leJUm7lGLy/HQHJfQT6JRuuH7/v/55f94YSSy3sN8SXZ5l5\nNrpQNZs9iqUsIwqUeLlZcJoCzE1aRcUV+seObPn40RLHwFK64SOHEGDSibBCJ2sH\n+gloE3KnI7i/SXLheRm3Fg1j4k6GrhBH21hkUo1lsydSrrDRPIY/FJrHkQ2g8Kbx\nG2IrCJmYVlFFMMni7aUhRSgNmLQ6Tl9xeZpQp8wNqsobH/pZCjF0QFHozcJAB+lF\nUqz/GUHkNlVpGRQ0353jpjqNytpURQIDAQABAoICAQCnRAI01xBCyd0STPousWTi\nwiIJawWLQWM2z9aHX8pRH41rWEU9prNpY8a1D4tiHMPOG1a6mzm9OHr9Odvxqt8e\nO8VEZBe6LK/eoAQEj0ZzwD4CZt0licHBnLwcjBmCyRk9i9RV3Y4SVeSaLFuVEN71\nmBMtkJ9rTe+iC9hL7ANXweYpuUwGEYvKYToSMzIqjBqTTjhruzb7nMp4ALbYf2EJ\n+xzsiJ729s1VsqBElf9LwIzRfvOto7hvp96LiP0FSncl5Uds8MDDOiui/5BB3jIl\nfMzPFMFzl1Dxjp/GX/pgIMGTg+Wx6qGrjjQspkvOa3p3ttQ8s8ZbwSxEVMdjzEyy\nzQZMa8uSIz7ZlBlhr5he5q5b81+shDEEtI1ii+uujEYt6uirQLVJ7qltdmOvyNRN\neBHi2iV1IvP+3WUnoac1hwYN0GEcSKsKGAbmPDfw6Jk6GCh0BfiKONcP8z9jw0VA\nQBcZnsqQ+ffzPPuxkqnLRuXS1FHi8H7HG0cY1hd1F+MwfpFnBdLbmcWlL/IgERM3\niRvdgLjbMmXQN7LHxPiz5GCj/D1p1wylMOuIffvLlBq6011fb1UT8aqJsMnj6ZPT\nRfb7ommasTjGnGxbXAVP92n/8y8Njl4G6fZcn5IGSgnjDsleW3fblVpR0c80C3eA\nAAiAFrXObBJsfUzwzJzWIQKCAQEA9TQKR97BJjtFluV02tzaNEv+wGq2+4hodVPu\nS5/YRtRE39WpSTsn8Ep6+SkCw9m0PSjy+1RZF6vmsqWPgLYOpDnP1daPXuuMwqSY\nBOsZt1jQex/5qjZQPaFvXIUBTl75GNGGbop7uH/QYp3Ru+3xeYJ5LLQ6L1zbya7d\n/HDhmTaC/Gn0dsiqvHJlf/l/rZ/DKjRb+19upzCDe0NHo0uQFgGSmE2ko1e6N90Y\nljOzG00jTAIbDuU6sUzl+Zeo0B81Ck3KUdH8Xu9MD5+BsKOUZdKllJbGxvYlH//K\nwwpXN9Dq+ajQ6sMbgqBM46SGVjX1TtfmvqxoyLD+x7QxQJcl2QKCAQEA8T39r5c2\nQH0yWwDnFPgvIZ7JgKQhaMXEI1uBfzp/U77n4GebuSvabJqAdYPQdg4Fg1yX+lD+\n9NRNQ+1gEaE8H6N58d7FdqhMj0qR0JvyMQjNWxK+YsWX2HPl5sCkkGJGdKAe6iHI\nl9s5q/2tkWjTddsok3KUunNM8lVToFdnSO2R1juNXg7PAB7GauRNHcXDg9GoaSAE\nQwEC91V8U47DQnzG/SzwQh+SOtbp8CU3YmmhnnkGwBId+lUAZE/dsa7ZreuhixE8\nL1dUnJx/UhG8+R8v9zcRbY3NmsAtPr4PlOnn+w1psC9iWrLtx+34zdzuFMcV3KSK\nkH8kwCtGA3JCTQKCAQEA8lowOx7g2y/ENUOvfs7A4OWn8njHSM9nJ2gAZECl3EPb\nmzyr6FSOwgJrjy7Iq9jWO4jouB6DPFFMYJAgyP+ocwss79b0t8Wqx4s1Mc9JCJ3A\n2aEd++1Y28FetxxC0TovjCczbrhzVkUGKyJ/dPbWL9oUeGneBIgMOEgc4nCTmgJ1\n7pOu62Sk1ENhLN7mIi6BEIrVyxtk29yoZ8F04eJClG2TffNn4YZI6QQfU/3fbgGM\n/IgsREmu/CTcPRh34tSlcPy4FqysewybqelmnrbfatCLldR8vZP1163Ts3jaAbH9\nPSts6kxTOYXE2U748+a7AeWFDDqOCqZd+/aOo5+A6QKCAQAkAQF8lE/HfifmxxK1\n4Xh/RwiBx30o+uMT99My3tMj94j5x9zI3Q+jR8fGQh75j4wpF8ei1zXF6m2BpsrA\nttSXUDmh7IKB/Ao5FIMApFWYFd04K2r4qM7JwjpcnwGwfspPG5qhjNs4NsK7tYeS\n/RcaLtQ2dVJXJWAlhrCNbJ4Al1w9ofOuRv2D4hPw3hPYTqyoXsEIt3uLWHpN2ZdN\njS/9G0xDetJ8u+OCHpMZgSRr7qHtWdi1D78jnk4JqpXGr/bS6yjX7YGS+zCokv65\ni+YtNAdfmPtj41b9MpNOGuWObv5tTIoqflfqe2vbe9u3NbLerPvJS1FW0XL1rz+q\nwgG9AoIBADrf/MoTuIsRrPK8MSEb0Z7nd1fowMtjc6uphDPKCHYcCYvw5DsVAG4I\nR4UoFmYTYW2J0hOPOpufI1QTO/HBB07YWDASpwoHT5nmQSKNnYo/bZBGr6C9nTEs\n0u6DS7Wd7DCqdM3x1HYEErDOv46B3aOhoC+NPiK0ZsLXnPxYrNBH40y8xd443xaA\nBBmM5IdfKse81ROV7OhpORpa2nciKyY8+dWpLiUpZIjHeKPVaVOn1b0/3mt60a86\nlhkRhPZG07oLrNFy5El/rZdhLODML8rQ6mB58wSbrRrLUwa4qGAo5IBN3bPIRkWB\nELVqzwB6vnamY18jWEuvDRWWjqtmh5g=\n-----END PRIVATE KEY-----\n",
            "public_key_fingerprint_md5": "46:6b:d6:5b:59:bb:a0:11:61:71:a0:37:c0:3a:b4:b1",
            "public_key_fingerprint_sha256": "SHA256:OQUD9U7wagBDq+jMNfb6o2sc8pHYq7lXQMdethzENrs",
            "public_key_openssh": "ssh-rsa AAAAB3NzaC1yc2EAAAADAQABAAACAQDnEV4QuWWgGY43lLR9UYoSohKzYqnZ/o5tgUBFBNEuq7sYfdeMwkonnUWnKKFVQUbv/CQOlIl5s36AQAbL78tLzgzgS0Q5rTOJAL4kjMUmQdqITSQsOJzlVFBS195zi9TNO6+8UhCQz8TFnPfSWc2lOGZMe/zkM2i2c+PftgDwDNpvaBMe4Udf9HRhsv+gU8a7iwJpbbPllD/lH2TmGt7WSHFygoJbzGoG2lnG/wiP+BpjNn3Uy4MFbMAOt99PvIzXlyCGINmugE3cwjcUwvQAqddCGzBV3jvOHYu9R8SOaURa1h2zFayZA2dNuUIy4dAsuwJ2qXedT+xCE5Clylqat+jK5gwb+FugWekyRHdS4WCW7n/2+KIJHqEyW8uhHZ06mnghxj5LCzAAHuCTS4pUhvUIZNMw/leJUm7lGLy/HQHJfQT6JRuuH7/v/55f94YSSy3sN8SXZ5l5NrpQNZs9iqUsIwqUeLlZcJoCzE1aRcUV+seObPn40RLHwFK64SOHEGDSibBCJ2sH+gloE3KnI7i/SXLheRm3Fg1j4k6GrhBH21hkUo1lsydSrrDRPIY/FJrHkQ2g8KbxG2IrCJmYVlFFMMni7aUhRSgNmLQ6Tl9xeZpQp8wNqsobH/pZCjF0QFHozcJAB+lFUqz/GUHkNlVpGRQ0353jpjqNytpURQ==\n",
            "public_key_pem": "-----BEGIN PUBLIC KEY-----\nMIICIjANBgkqhkiG9w0BAQEFAAOCAg8AMIICCgKCAgEA5xFeELlloBmON5S0fVGK\nEqISs2Kp2f6ObYFARQTRLqu7GH3XjMJKJ51FpyihVUFG7/wkDpSJebN+gEAGy+/L\nS84M4EtEOa0ziQC+JIzFJkHaiE0kLDic5VRQUtfec4vUzTuvvFIQkM/ExZz30lnN\npThmTHv85DNotnPj37YA8Azab2gTHuFHX/R0YbL/oFPGu4sCaW2z5ZQ/5R9k5hre\n1khxcoKCW8xqBtpZxv8Ij/gaYzZ91MuDBWzADrffT7yM15cghiDZroBN3MI3FML0\nAKnXQhswVd47zh2LvUfEjmlEWtYdsxWsmQNnTblCMuHQLLsCdql3nU/sQhOQpcpa\nmrfoyuYMG/hboFnpMkR3UuFglu5/9viiCR6hMlvLoR2dOpp4IcY+SwswAB7gk0uK\nVIb1CGTTMP5XiVJu5Ri8vx0ByX0E+iUbrh+/7/+eX/eGEkst7DfEl2eZeTa6UDWb\nPYqlLCMKlHi5WXCaAsxNWkXFFfrHjmz5+NESx8BSuuEjhxBg0omwQidrB/oJaBNy\npyO4v0ly4XkZtxYNY+JOhq4QR9tYZFKNZbMnUq6w0TyGPxSax5ENoPCm8RtiKwiZ\nmFZRRTDJ4u2lIUUoDZi0Ok5fcXmaUKfMDarKGx/6WQoxdEBR6M3CQAfpRVKs/xlB\n5DZVaRkUNN+d46Y6jcraVEUCAwEAAQ==\n-----END PUBLIC KEY-----\n",
            "rsa_bits": 4096
          },
          "sensitive_attributes": []
        }
      ]
    }
  ],
  "check_results": null
}
